// !$*UTF8*$!
{
	archiveVersion = 1;
	classes = {
	};
	objectVersion = 46;
	objects = {

/* Begin PBXBuildFile section */
		7B3898741CBB0CBA0062ECE1 /* Localizable.strings in Resources */ = {isa = PBXBuildFile; fileRef = 7B3898761CBB0CBA0062ECE1 /* Localizable.strings */; };
		7B38987C1CBB19880062ECE1 /* Fabric.framework in Frameworks */ = {isa = PBXBuildFile; fileRef = 7B38987A1CBB19880062ECE1 /* Fabric.framework */; };
		7B38987D1CBB19880062ECE1 /* Crashlytics.framework in Frameworks */ = {isa = PBXBuildFile; fileRef = 7B38987B1CBB19880062ECE1 /* Crashlytics.framework */; };
		7B558D6E1CB695FA007B0776 /* main.m in Sources */ = {isa = PBXBuildFile; fileRef = 7B558D6D1CB695FA007B0776 /* main.m */; };
		7B558D711CB695FA007B0776 /* AppDelegate.m in Sources */ = {isa = PBXBuildFile; fileRef = 7B558D701CB695FA007B0776 /* AppDelegate.m */; };
		7B558D771CB695FA007B0776 /* Main.storyboard in Resources */ = {isa = PBXBuildFile; fileRef = 7B558D751CB695FA007B0776 /* Main.storyboard */; };
		7B558D791CB695FA007B0776 /* Assets.xcassets in Resources */ = {isa = PBXBuildFile; fileRef = 7B558D781CB695FA007B0776 /* Assets.xcassets */; };
		7B558D7C1CB695FA007B0776 /* LaunchScreen.storyboard in Resources */ = {isa = PBXBuildFile; fileRef = 7B558D7A1CB695FA007B0776 /* LaunchScreen.storyboard */; };
		7B558D8B1CB6AAEC007B0776 /* VCEditOrder.m in Sources */ = {isa = PBXBuildFile; fileRef = 7B558D8A1CB6AAEC007B0776 /* VCEditOrder.m */; };
		7B558D8E1CB6DF69007B0776 /* OrderModel.m in Sources */ = {isa = PBXBuildFile; fileRef = 7B558D8D1CB6DF69007B0776 /* OrderModel.m */; };
		7B558D911CB6F1CE007B0776 /* UIView+SSUIViewCategory.m in Sources */ = {isa = PBXBuildFile; fileRef = 7B558D901CB6F1CE007B0776 /* UIView+SSUIViewCategory.m */; };
		7B558D941CB7BC51007B0776 /* ServerHandler.m in Sources */ = {isa = PBXBuildFile; fileRef = 7B558D931CB7BC51007B0776 /* ServerHandler.m */; };
		7B558D991CBA85F4007B0776 /* CWAddress.m in Sources */ = {isa = PBXBuildFile; fileRef = 7B558D981CBA85F4007B0776 /* CWAddress.m */; };
		7B558D9C1CBA8852007B0776 /* CWSchedule.m in Sources */ = {isa = PBXBuildFile; fileRef = 7B558D9B1CBA8852007B0776 /* CWSchedule.m */; };
		7B5BA8DF1CC12FDA008B948C /* OrdersList.m in Sources */ = {isa = PBXBuildFile; fileRef = 7B5BA8DE1CC12FDA008B948C /* OrdersList.m */; };
		7B5BA8EC1CC19A4D008B948C /* Icon-40.png in Resources */ = {isa = PBXBuildFile; fileRef = 7B5BA8E11CC19A4D008B948C /* Icon-40.png */; };
		7B5BA8ED1CC19A4D008B948C /* Icon-40@2x.png in Resources */ = {isa = PBXBuildFile; fileRef = 7B5BA8E21CC19A4D008B948C /* Icon-40@2x.png */; };
		7B5BA8EE1CC19A4D008B948C /* Icon-40@3x.png in Resources */ = {isa = PBXBuildFile; fileRef = 7B5BA8E31CC19A4D008B948C /* Icon-40@3x.png */; };
		7B5BA8EF1CC19A4D008B948C /* Icon-60@2x.png in Resources */ = {isa = PBXBuildFile; fileRef = 7B5BA8E41CC19A4D008B948C /* Icon-60@2x.png */; };
		7B5BA8F01CC19A4D008B948C /* Icon-60@3x.png in Resources */ = {isa = PBXBuildFile; fileRef = 7B5BA8E51CC19A4D008B948C /* Icon-60@3x.png */; };
		7B5BA8F11CC19A4D008B948C /* Icon-76.png in Resources */ = {isa = PBXBuildFile; fileRef = 7B5BA8E61CC19A4D008B948C /* Icon-76.png */; };
		7B5BA8F21CC19A4D008B948C /* Icon-76@2x.png in Resources */ = {isa = PBXBuildFile; fileRef = 7B5BA8E71CC19A4D008B948C /* Icon-76@2x.png */; };
		7B5BA8F31CC19A4D008B948C /* Icon-83.5@2x.png in Resources */ = {isa = PBXBuildFile; fileRef = 7B5BA8E81CC19A4D008B948C /* Icon-83.5@2x.png */; };
		7B5BA8F41CC19A4D008B948C /* Icon-Small.png in Resources */ = {isa = PBXBuildFile; fileRef = 7B5BA8E91CC19A4D008B948C /* Icon-Small.png */; };
		7B5BA8F51CC19A4D008B948C /* Icon-Small@2x.png in Resources */ = {isa = PBXBuildFile; fileRef = 7B5BA8EA1CC19A4D008B948C /* Icon-Small@2x.png */; };
		7B5BA8F61CC19A4D008B948C /* Icon-Small@3x.png in Resources */ = {isa = PBXBuildFile; fileRef = 7B5BA8EB1CC19A4D008B948C /* Icon-Small@3x.png */; };
		7BB2689F1CBFA6A20085EEC3 /* OrdersManager.m in Sources */ = {isa = PBXBuildFile; fileRef = 7BB2689E1CBFA6A20085EEC3 /* OrdersManager.m */; };
		7BDD6F311CDE505900DA157B /* WebKit.framework in Frameworks */ = {isa = PBXBuildFile; fileRef = 7BDD6F301CDE505900DA157B /* WebKit.framework */; };
		7BDD6F371CDE596800DA157B /* VCBase.m in Sources */ = {isa = PBXBuildFile; fileRef = 7BDD6F361CDE596800DA157B /* VCBase.m */; };
		7BDD6F3E1CDEA8DB00DA157B /* about@2x.png in Resources */ = {isa = PBXBuildFile; fileRef = 7BDD6F381CDEA8DB00DA157B /* about@2x.png */; };
		7BDD6F3F1CDEA8DB00DA157B /* about@3x.png in Resources */ = {isa = PBXBuildFile; fileRef = 7BDD6F391CDEA8DB00DA157B /* about@3x.png */; };
		7BDD6F401CDEA8DB00DA157B /* calback@2x.png in Resources */ = {isa = PBXBuildFile; fileRef = 7BDD6F3A1CDEA8DB00DA157B /* calback@2x.png */; };
		7BDD6F411CDEA8DB00DA157B /* calback@3x.png in Resources */ = {isa = PBXBuildFile; fileRef = 7BDD6F3B1CDEA8DB00DA157B /* calback@3x.png */; };
		7BDD6F421CDEA8DB00DA157B /* home@2x.png in Resources */ = {isa = PBXBuildFile; fileRef = 7BDD6F3C1CDEA8DB00DA157B /* home@2x.png */; };
		7BDD6F431CDEA8DB00DA157B /* home@3x.png in Resources */ = {isa = PBXBuildFile; fileRef = 7BDD6F3D1CDEA8DB00DA157B /* home@3x.png */; };
		7BDD6F4C1CDEB5F900DA157B /* confirmed@2x.png in Resources */ = {isa = PBXBuildFile; fileRef = 7BDD6F441CDEB5F900DA157B /* confirmed@2x.png */; };
		7BDD6F4D1CDEB5F900DA157B /* confirmed@3x.png in Resources */ = {isa = PBXBuildFile; fileRef = 7BDD6F451CDEB5F900DA157B /* confirmed@3x.png */; };
		7BDD6F4E1CDEB5F900DA157B /* delivered@2x.png in Resources */ = {isa = PBXBuildFile; fileRef = 7BDD6F461CDEB5F900DA157B /* delivered@2x.png */; };
		7BDD6F4F1CDEB5F900DA157B /* delivered@3x.png in Resources */ = {isa = PBXBuildFile; fileRef = 7BDD6F471CDEB5F900DA157B /* delivered@3x.png */; };
		7BDD6F501CDEB5F900DA157B /* notconfirmed@2x.png in Resources */ = {isa = PBXBuildFile; fileRef = 7BDD6F481CDEB5F900DA157B /* notconfirmed@2x.png */; };
		7BDD6F511CDEB5F900DA157B /* notconfirmed@3x.png in Resources */ = {isa = PBXBuildFile; fileRef = 7BDD6F491CDEB5F900DA157B /* notconfirmed@3x.png */; };
		7BDD6F521CDEB5F900DA157B /* notdelivered@2x.png in Resources */ = {isa = PBXBuildFile; fileRef = 7BDD6F4A1CDEB5F900DA157B /* notdelivered@2x.png */; };
		7BDD6F531CDEB5F900DA157B /* notdelivered@3x.png in Resources */ = {isa = PBXBuildFile; fileRef = 7BDD6F4B1CDEB5F900DA157B /* notdelivered@3x.png */; };
		7BDD6F571CDF796900DA157B /* ImageCenterButton.m in Sources */ = {isa = PBXBuildFile; fileRef = 7BDD6F561CDF796900DA157B /* ImageCenterButton.m */; };
		7BDD6F611CDF995700DA157B /* appimage.png in Resources */ = {isa = PBXBuildFile; fileRef = 7BDD6F601CDF995700DA157B /* appimage.png */; };
		7BDD6F641CDF99A900DA157B /* VCAbout.m in Sources */ = {isa = PBXBuildFile; fileRef = 7BDD6F631CDF99A900DA157B /* VCAbout.m */; };
/* End PBXBuildFile section */

/* Begin PBXFileReference section */
		7B3898751CBB0CBA0062ECE1 /* en */ = {isa = PBXFileReference; lastKnownFileType = text.plist.strings; name = en; path = en.lproj/Localizable.strings; sourceTree = "<group>"; };
		7B3898771CBB0CCA0062ECE1 /* ru */ = {isa = PBXFileReference; lastKnownFileType = text.plist.strings; name = ru; path = ru.lproj/Localizable.strings; sourceTree = "<group>"; };
		7B3898781CBB0CD90062ECE1 /* uk */ = {isa = PBXFileReference; lastKnownFileType = text.plist.strings; name = uk; path = uk.lproj/Localizable.strings; sourceTree = "<group>"; };
		7B38987A1CBB19880062ECE1 /* Fabric.framework */ = {isa = PBXFileReference; lastKnownFileType = wrapper.framework; path = Fabric.framework; sourceTree = "<group>"; };
		7B38987B1CBB19880062ECE1 /* Crashlytics.framework */ = {isa = PBXFileReference; lastKnownFileType = wrapper.framework; path = Crashlytics.framework; sourceTree = "<group>"; };
		7B558D691CB695F9007B0776 /* ClearWater.app */ = {isa = PBXFileReference; explicitFileType = wrapper.application; includeInIndex = 0; path = ClearWater.app; sourceTree = BUILT_PRODUCTS_DIR; };
		7B558D6D1CB695FA007B0776 /* main.m */ = {isa = PBXFileReference; lastKnownFileType = sourcecode.c.objc; path = main.m; sourceTree = "<group>"; };
		7B558D6F1CB695FA007B0776 /* AppDelegate.h */ = {isa = PBXFileReference; lastKnownFileType = sourcecode.c.h; path = AppDelegate.h; sourceTree = "<group>"; };
		7B558D701CB695FA007B0776 /* AppDelegate.m */ = {isa = PBXFileReference; lastKnownFileType = sourcecode.c.objc; path = AppDelegate.m; sourceTree = "<group>"; };
		7B558D761CB695FA007B0776 /* Base */ = {isa = PBXFileReference; lastKnownFileType = file.storyboard; name = Base; path = Base.lproj/Main.storyboard; sourceTree = "<group>"; };
		7B558D781CB695FA007B0776 /* Assets.xcassets */ = {isa = PBXFileReference; lastKnownFileType = folder.assetcatalog; path = Assets.xcassets; sourceTree = "<group>"; };
		7B558D7B1CB695FA007B0776 /* Base */ = {isa = PBXFileReference; lastKnownFileType = file.storyboard; name = Base; path = Base.lproj/LaunchScreen.storyboard; sourceTree = "<group>"; };
		7B558D7D1CB695FA007B0776 /* Info.plist */ = {isa = PBXFileReference; lastKnownFileType = text.plist.xml; path = Info.plist; sourceTree = "<group>"; };
		7B558D891CB6AAEC007B0776 /* VCEditOrder.h */ = {isa = PBXFileReference; fileEncoding = 4; lastKnownFileType = sourcecode.c.h; path = VCEditOrder.h; sourceTree = "<group>"; };
		7B558D8A1CB6AAEC007B0776 /* VCEditOrder.m */ = {isa = PBXFileReference; fileEncoding = 4; lastKnownFileType = sourcecode.c.objc; path = VCEditOrder.m; sourceTree = "<group>"; };
		7B558D8C1CB6DF69007B0776 /* OrderModel.h */ = {isa = PBXFileReference; fileEncoding = 4; lastKnownFileType = sourcecode.c.h; path = OrderModel.h; sourceTree = "<group>"; };
		7B558D8D1CB6DF69007B0776 /* OrderModel.m */ = {isa = PBXFileReference; fileEncoding = 4; lastKnownFileType = sourcecode.c.objc; path = OrderModel.m; sourceTree = "<group>"; };
		7B558D8F1CB6F1CE007B0776 /* UIView+SSUIViewCategory.h */ = {isa = PBXFileReference; fileEncoding = 4; lastKnownFileType = sourcecode.c.h; path = "UIView+SSUIViewCategory.h"; sourceTree = "<group>"; };
		7B558D901CB6F1CE007B0776 /* UIView+SSUIViewCategory.m */ = {isa = PBXFileReference; fileEncoding = 4; lastKnownFileType = sourcecode.c.objc; path = "UIView+SSUIViewCategory.m"; sourceTree = "<group>"; };
		7B558D921CB7BC51007B0776 /* ServerHandler.h */ = {isa = PBXFileReference; fileEncoding = 4; lastKnownFileType = sourcecode.c.h; path = ServerHandler.h; sourceTree = "<group>"; };
		7B558D931CB7BC51007B0776 /* ServerHandler.m */ = {isa = PBXFileReference; fileEncoding = 4; lastKnownFileType = sourcecode.c.objc; path = ServerHandler.m; sourceTree = "<group>"; };
		7B558D951CB7D0AE007B0776 /* CWConstants.h */ = {isa = PBXFileReference; fileEncoding = 4; lastKnownFileType = sourcecode.c.h; path = CWConstants.h; sourceTree = "<group>"; };
		7B558D961CB7D0E4007B0776 /* CWPrefixHeader.pch */ = {isa = PBXFileReference; fileEncoding = 4; lastKnownFileType = sourcecode.c.h; path = CWPrefixHeader.pch; sourceTree = "<group>"; };
		7B558D971CBA85F4007B0776 /* CWAddress.h */ = {isa = PBXFileReference; fileEncoding = 4; lastKnownFileType = sourcecode.c.h; path = CWAddress.h; sourceTree = "<group>"; };
		7B558D981CBA85F4007B0776 /* CWAddress.m */ = {isa = PBXFileReference; fileEncoding = 4; lastKnownFileType = sourcecode.c.objc; path = CWAddress.m; sourceTree = "<group>"; };
		7B558D9A1CBA8852007B0776 /* CWSchedule.h */ = {isa = PBXFileReference; fileEncoding = 4; lastKnownFileType = sourcecode.c.h; path = CWSchedule.h; sourceTree = "<group>"; };
		7B558D9B1CBA8852007B0776 /* CWSchedule.m */ = {isa = PBXFileReference; fileEncoding = 4; lastKnownFileType = sourcecode.c.objc; path = CWSchedule.m; sourceTree = "<group>"; };
		7B5BA8DD1CC12FDA008B948C /* OrdersList.h */ = {isa = PBXFileReference; fileEncoding = 4; lastKnownFileType = sourcecode.c.h; path = OrdersList.h; sourceTree = "<group>"; };
		7B5BA8DE1CC12FDA008B948C /* OrdersList.m */ = {isa = PBXFileReference; fileEncoding = 4; lastKnownFileType = sourcecode.c.objc; path = OrdersList.m; sourceTree = "<group>"; };
		7B5BA8E11CC19A4D008B948C /* Icon-40.png */ = {isa = PBXFileReference; lastKnownFileType = image.png; name = "Icon-40.png"; path = "Assets.xcassets/AppIcon.appiconset/Icon-40.png"; sourceTree = "<group>"; };
		7B5BA8E21CC19A4D008B948C /* Icon-40@2x.png */ = {isa = PBXFileReference; lastKnownFileType = image.png; name = "Icon-40@2x.png"; path = "Assets.xcassets/AppIcon.appiconset/Icon-40@2x.png"; sourceTree = "<group>"; };
		7B5BA8E31CC19A4D008B948C /* Icon-40@3x.png */ = {isa = PBXFileReference; lastKnownFileType = image.png; name = "Icon-40@3x.png"; path = "Assets.xcassets/AppIcon.appiconset/Icon-40@3x.png"; sourceTree = "<group>"; };
		7B5BA8E41CC19A4D008B948C /* Icon-60@2x.png */ = {isa = PBXFileReference; lastKnownFileType = image.png; name = "Icon-60@2x.png"; path = "Assets.xcassets/AppIcon.appiconset/Icon-60@2x.png"; sourceTree = "<group>"; };
		7B5BA8E51CC19A4D008B948C /* Icon-60@3x.png */ = {isa = PBXFileReference; lastKnownFileType = image.png; name = "Icon-60@3x.png"; path = "Assets.xcassets/AppIcon.appiconset/Icon-60@3x.png"; sourceTree = "<group>"; };
		7B5BA8E61CC19A4D008B948C /* Icon-76.png */ = {isa = PBXFileReference; lastKnownFileType = image.png; name = "Icon-76.png"; path = "Assets.xcassets/AppIcon.appiconset/Icon-76.png"; sourceTree = "<group>"; };
		7B5BA8E71CC19A4D008B948C /* Icon-76@2x.png */ = {isa = PBXFileReference; lastKnownFileType = image.png; name = "Icon-76@2x.png"; path = "Assets.xcassets/AppIcon.appiconset/Icon-76@2x.png"; sourceTree = "<group>"; };
		7B5BA8E81CC19A4D008B948C /* Icon-83.5@2x.png */ = {isa = PBXFileReference; lastKnownFileType = image.png; name = "Icon-83.5@2x.png"; path = "Assets.xcassets/AppIcon.appiconset/Icon-83.5@2x.png"; sourceTree = "<group>"; };
		7B5BA8E91CC19A4D008B948C /* Icon-Small.png */ = {isa = PBXFileReference; lastKnownFileType = image.png; name = "Icon-Small.png"; path = "Assets.xcassets/AppIcon.appiconset/Icon-Small.png"; sourceTree = "<group>"; };
		7B5BA8EA1CC19A4D008B948C /* Icon-Small@2x.png */ = {isa = PBXFileReference; lastKnownFileType = image.png; name = "Icon-Small@2x.png"; path = "Assets.xcassets/AppIcon.appiconset/Icon-Small@2x.png"; sourceTree = "<group>"; };
		7B5BA8EB1CC19A4D008B948C /* Icon-Small@3x.png */ = {isa = PBXFileReference; lastKnownFileType = image.png; name = "Icon-Small@3x.png"; path = "Assets.xcassets/AppIcon.appiconset/Icon-Small@3x.png"; sourceTree = "<group>"; };
		7BB2689D1CBFA6A20085EEC3 /* OrdersManager.h */ = {isa = PBXFileReference; fileEncoding = 4; lastKnownFileType = sourcecode.c.h; path = OrdersManager.h; sourceTree = "<group>"; };
		7BB2689E1CBFA6A20085EEC3 /* OrdersManager.m */ = {isa = PBXFileReference; fileEncoding = 4; lastKnownFileType = sourcecode.c.objc; path = OrdersManager.m; sourceTree = "<group>"; };
		7BDD6F301CDE505900DA157B /* WebKit.framework */ = {isa = PBXFileReference; lastKnownFileType = wrapper.framework; name = WebKit.framework; path = System/Library/Frameworks/WebKit.framework; sourceTree = SDKROOT; };
		7BDD6F351CDE596800DA157B /* VCBase.h */ = {isa = PBXFileReference; fileEncoding = 4; lastKnownFileType = sourcecode.c.h; path = VCBase.h; sourceTree = "<group>"; };
		7BDD6F361CDE596800DA157B /* VCBase.m */ = {isa = PBXFileReference; fileEncoding = 4; lastKnownFileType = sourcecode.c.objc; path = VCBase.m; sourceTree = "<group>"; };
		7BDD6F381CDEA8DB00DA157B /* about@2x.png */ = {isa = PBXFileReference; lastKnownFileType = image.png; name = "about@2x.png"; path = "images/about@2x.png"; sourceTree = "<group>"; };
		7BDD6F391CDEA8DB00DA157B /* about@3x.png */ = {isa = PBXFileReference; lastKnownFileType = image.png; name = "about@3x.png"; path = "images/about@3x.png"; sourceTree = "<group>"; };
		7BDD6F3A1CDEA8DB00DA157B /* calback@2x.png */ = {isa = PBXFileReference; lastKnownFileType = image.png; name = "calback@2x.png"; path = "images/calback@2x.png"; sourceTree = "<group>"; };
		7BDD6F3B1CDEA8DB00DA157B /* calback@3x.png */ = {isa = PBXFileReference; lastKnownFileType = image.png; name = "calback@3x.png"; path = "images/calback@3x.png"; sourceTree = "<group>"; };
		7BDD6F3C1CDEA8DB00DA157B /* home@2x.png */ = {isa = PBXFileReference; lastKnownFileType = image.png; name = "home@2x.png"; path = "images/home@2x.png"; sourceTree = "<group>"; };
		7BDD6F3D1CDEA8DB00DA157B /* home@3x.png */ = {isa = PBXFileReference; lastKnownFileType = image.png; name = "home@3x.png"; path = "images/home@3x.png"; sourceTree = "<group>"; };
		7BDD6F441CDEB5F900DA157B /* confirmed@2x.png */ = {isa = PBXFileReference; lastKnownFileType = image.png; name = "confirmed@2x.png"; path = "images/confirmed@2x.png"; sourceTree = "<group>"; };
		7BDD6F451CDEB5F900DA157B /* confirmed@3x.png */ = {isa = PBXFileReference; lastKnownFileType = image.png; name = "confirmed@3x.png"; path = "images/confirmed@3x.png"; sourceTree = "<group>"; };
		7BDD6F461CDEB5F900DA157B /* delivered@2x.png */ = {isa = PBXFileReference; lastKnownFileType = image.png; name = "delivered@2x.png"; path = "images/delivered@2x.png"; sourceTree = "<group>"; };
		7BDD6F471CDEB5F900DA157B /* delivered@3x.png */ = {isa = PBXFileReference; lastKnownFileType = image.png; name = "delivered@3x.png"; path = "images/delivered@3x.png"; sourceTree = "<group>"; };
		7BDD6F481CDEB5F900DA157B /* notconfirmed@2x.png */ = {isa = PBXFileReference; lastKnownFileType = image.png; name = "notconfirmed@2x.png"; path = "images/notconfirmed@2x.png"; sourceTree = "<group>"; };
		7BDD6F491CDEB5F900DA157B /* notconfirmed@3x.png */ = {isa = PBXFileReference; lastKnownFileType = image.png; name = "notconfirmed@3x.png"; path = "images/notconfirmed@3x.png"; sourceTree = "<group>"; };
		7BDD6F4A1CDEB5F900DA157B /* notdelivered@2x.png */ = {isa = PBXFileReference; lastKnownFileType = image.png; name = "notdelivered@2x.png"; path = "images/notdelivered@2x.png"; sourceTree = "<group>"; };
		7BDD6F4B1CDEB5F900DA157B /* notdelivered@3x.png */ = {isa = PBXFileReference; lastKnownFileType = image.png; name = "notdelivered@3x.png"; path = "images/notdelivered@3x.png"; sourceTree = "<group>"; };
		7BDD6F551CDF796900DA157B /* ImageCenterButton.h */ = {isa = PBXFileReference; fileEncoding = 4; lastKnownFileType = sourcecode.c.h; path = ImageCenterButton.h; sourceTree = "<group>"; };
		7BDD6F561CDF796900DA157B /* ImageCenterButton.m */ = {isa = PBXFileReference; fileEncoding = 4; lastKnownFileType = sourcecode.c.objc; path = ImageCenterButton.m; sourceTree = "<group>"; };
		7BDD6F601CDF995700DA157B /* appimage.png */ = {isa = PBXFileReference; lastKnownFileType = image.png; name = appimage.png; path = images/appimage.png; sourceTree = "<group>"; };
		7BDD6F621CDF99A900DA157B /* VCAbout.h */ = {isa = PBXFileReference; fileEncoding = 4; lastKnownFileType = sourcecode.c.h; path = VCAbout.h; sourceTree = "<group>"; };
		7BDD6F631CDF99A900DA157B /* VCAbout.m */ = {isa = PBXFileReference; fileEncoding = 4; lastKnownFileType = sourcecode.c.objc; path = VCAbout.m; sourceTree = "<group>"; };
/* End PBXFileReference section */

/* Begin PBXFrameworksBuildPhase section */
		7B558D661CB695F8007B0776 /* Frameworks */ = {
			isa = PBXFrameworksBuildPhase;
			buildActionMask = 2147483647;
			files = (
				7BDD6F311CDE505900DA157B /* WebKit.framework in Frameworks */,
				7B38987D1CBB19880062ECE1 /* Crashlytics.framework in Frameworks */,
				7B38987C1CBB19880062ECE1 /* Fabric.framework in Frameworks */,
			);
			runOnlyForDeploymentPostprocessing = 0;
		};
/* End PBXFrameworksBuildPhase section */

/* Begin PBXGroup section */
		7B558D601CB695F8007B0776 = {
			isa = PBXGroup;
			children = (
				7BDD6F301CDE505900DA157B /* WebKit.framework */,
				7B558D6B1CB695F9007B0776 /* ClearWater */,
				7B558D6A1CB695F9007B0776 /* Products */,
				7B38987A1CBB19880062ECE1 /* Fabric.framework */,
				7B38987B1CBB19880062ECE1 /* Crashlytics.framework */,
			);
			sourceTree = "<group>";
		};
		7B558D6A1CB695F9007B0776 /* Products */ = {
			isa = PBXGroup;
			children = (
				7B558D691CB695F9007B0776 /* ClearWater.app */,
			);
			name = Products;
			sourceTree = "<group>";
		};
		7B558D6B1CB695F9007B0776 /* ClearWater */ = {
			isa = PBXGroup;
			children = (
				7B558D6F1CB695FA007B0776 /* AppDelegate.h */,
				7B558D701CB695FA007B0776 /* AppDelegate.m */,
				7B558D891CB6AAEC007B0776 /* VCEditOrder.h */,
				7B558D8F1CB6F1CE007B0776 /* UIView+SSUIViewCategory.h */,
				7B558D901CB6F1CE007B0776 /* UIView+SSUIViewCategory.m */,
				7B558D8A1CB6AAEC007B0776 /* VCEditOrder.m */,
				7B5BA8DD1CC12FDA008B948C /* OrdersList.h */,
				7B5BA8DE1CC12FDA008B948C /* OrdersList.m */,
				7B558D9A1CBA8852007B0776 /* CWSchedule.h */,
				7B558D9B1CBA8852007B0776 /* CWSchedule.m */,
				7B558D751CB695FA007B0776 /* Main.storyboard */,
				7B558D781CB695FA007B0776 /* Assets.xcassets */,
				7B558D7A1CB695FA007B0776 /* LaunchScreen.storyboard */,
				7B558D7D1CB695FA007B0776 /* Info.plist */,
				7B558D6C1CB695F9007B0776 /* Supporting Files */,
				7B558D8C1CB6DF69007B0776 /* OrderModel.h */,
				7B558D8D1CB6DF69007B0776 /* OrderModel.m */,
				7B558D921CB7BC51007B0776 /* ServerHandler.h */,
				7B558D931CB7BC51007B0776 /* ServerHandler.m */,
				7B558D951CB7D0AE007B0776 /* CWConstants.h */,
				7B558D961CB7D0E4007B0776 /* CWPrefixHeader.pch */,
				7B558D971CBA85F4007B0776 /* CWAddress.h */,
				7B558D981CBA85F4007B0776 /* CWAddress.m */,
				7BB2689D1CBFA6A20085EEC3 /* OrdersManager.h */,
				7BB2689E1CBFA6A20085EEC3 /* OrdersManager.m */,
				7BDD6F351CDE596800DA157B /* VCBase.h */,
				7BDD6F361CDE596800DA157B /* VCBase.m */,
				7BDD6F621CDF99A900DA157B /* VCAbout.h */,
				7BDD6F631CDF99A900DA157B /* VCAbout.m */,
			);
			path = ClearWater;
			sourceTree = "<group>";
		};
		7B558D6C1CB695F9007B0776 /* Supporting Files */ = {
			isa = PBXGroup;
			children = (
				7BDD6F541CDF796900DA157B /* 3rdp */,
				7B5BA8E01CC19A42008B948C /* images */,
				7B558D6D1CB695FA007B0776 /* main.m */,
				7B3898761CBB0CBA0062ECE1 /* Localizable.strings */,
			);
			name = "Supporting Files";
			sourceTree = "<group>";
		};
		7B5BA8E01CC19A42008B948C /* images */ = {
			isa = PBXGroup;
			children = (
				7BDD6F601CDF995700DA157B /* appimage.png */,
				7BDD6F441CDEB5F900DA157B /* confirmed@2x.png */,
				7BDD6F451CDEB5F900DA157B /* confirmed@3x.png */,
				7BDD6F461CDEB5F900DA157B /* delivered@2x.png */,
				7BDD6F471CDEB5F900DA157B /* delivered@3x.png */,
				7BDD6F481CDEB5F900DA157B /* notconfirmed@2x.png */,
				7BDD6F491CDEB5F900DA157B /* notconfirmed@3x.png */,
				7BDD6F4A1CDEB5F900DA157B /* notdelivered@2x.png */,
				7BDD6F4B1CDEB5F900DA157B /* notdelivered@3x.png */,
				7BDD6F381CDEA8DB00DA157B /* about@2x.png */,
				7BDD6F391CDEA8DB00DA157B /* about@3x.png */,
				7BDD6F3A1CDEA8DB00DA157B /* calback@2x.png */,
				7BDD6F3B1CDEA8DB00DA157B /* calback@3x.png */,
				7BDD6F3C1CDEA8DB00DA157B /* home@2x.png */,
				7BDD6F3D1CDEA8DB00DA157B /* home@3x.png */,
				7B5BA8E11CC19A4D008B948C /* Icon-40.png */,
				7B5BA8E21CC19A4D008B948C /* Icon-40@2x.png */,
				7B5BA8E31CC19A4D008B948C /* Icon-40@3x.png */,
				7B5BA8E41CC19A4D008B948C /* Icon-60@2x.png */,
				7B5BA8E51CC19A4D008B948C /* Icon-60@3x.png */,
				7B5BA8E61CC19A4D008B948C /* Icon-76.png */,
				7B5BA8E71CC19A4D008B948C /* Icon-76@2x.png */,
				7B5BA8E81CC19A4D008B948C /* Icon-83.5@2x.png */,
				7B5BA8E91CC19A4D008B948C /* Icon-Small.png */,
				7B5BA8EA1CC19A4D008B948C /* Icon-Small@2x.png */,
				7B5BA8EB1CC19A4D008B948C /* Icon-Small@3x.png */,
			);
			name = images;
			sourceTree = "<group>";
		};
		7BDD6F541CDF796900DA157B /* 3rdp */ = {
			isa = PBXGroup;
			children = (
				7BDD6F551CDF796900DA157B /* ImageCenterButton.h */,
				7BDD6F561CDF796900DA157B /* ImageCenterButton.m */,
			);
			path = 3rdp;
			sourceTree = "<group>";
		};
/* End PBXGroup section */

/* Begin PBXNativeTarget section */
		7B558D681CB695F8007B0776 /* ClearWater */ = {
			isa = PBXNativeTarget;
			buildConfigurationList = 7B558D801CB695FA007B0776 /* Build configuration list for PBXNativeTarget "ClearWater" */;
			buildPhases = (
				7B558D651CB695F8007B0776 /* Sources */,
				7B558D661CB695F8007B0776 /* Frameworks */,
				7B558D671CB695F8007B0776 /* Resources */,
				7B3898791CBB19630062ECE1 /* ShellScript */,
			);
			buildRules = (
			);
			dependencies = (
			);
			name = ClearWater;
			productName = ClearWater;
			productReference = 7B558D691CB695F9007B0776 /* ClearWater.app */;
			productType = "com.apple.product-type.application";
		};
/* End PBXNativeTarget section */

/* Begin PBXProject section */
		7B558D611CB695F8007B0776 /* Project object */ = {
			isa = PBXProject;
			attributes = {
				LastUpgradeCheck = 0730;
				ORGANIZATIONNAME = SapiSoft;
				TargetAttributes = {
					7B558D681CB695F8007B0776 = {
						CreatedOnToolsVersion = 7.3;
					};
				};
			};
			buildConfigurationList = 7B558D641CB695F8007B0776 /* Build configuration list for PBXProject "ClearWater" */;
			compatibilityVersion = "Xcode 3.2";
			developmentRegion = English;
			hasScannedForEncodings = 0;
			knownRegions = (
				en,
				Base,
				ru,
				uk,
			);
			mainGroup = 7B558D601CB695F8007B0776;
			productRefGroup = 7B558D6A1CB695F9007B0776 /* Products */;
			projectDirPath = "";
			projectRoot = "";
			targets = (
				7B558D681CB695F8007B0776 /* ClearWater */,
			);
		};
/* End PBXProject section */

/* Begin PBXResourcesBuildPhase section */
		7B558D671CB695F8007B0776 /* Resources */ = {
			isa = PBXResourcesBuildPhase;
			buildActionMask = 2147483647;
			files = (
				7B3898741CBB0CBA0062ECE1 /* Localizable.strings in Resources */,
				7BDD6F3F1CDEA8DB00DA157B /* about@3x.png in Resources */,
				7B558D7C1CB695FA007B0776 /* LaunchScreen.storyboard in Resources */,
				7B558D791CB695FA007B0776 /* Assets.xcassets in Resources */,
				7BDD6F411CDEA8DB00DA157B /* calback@3x.png in Resources */,
				7BDD6F421CDEA8DB00DA157B /* home@2x.png in Resources */,
				7B5BA8F61CC19A4D008B948C /* Icon-Small@3x.png in Resources */,
				7BDD6F611CDF995700DA157B /* appimage.png in Resources */,
				7BDD6F3E1CDEA8DB00DA157B /* about@2x.png in Resources */,
				7BDD6F531CDEB5F900DA157B /* notdelivered@3x.png in Resources */,
				7B5BA8F41CC19A4D008B948C /* Icon-Small.png in Resources */,
				7BDD6F521CDEB5F900DA157B /* notdelivered@2x.png in Resources */,
				7BDD6F4E1CDEB5F900DA157B /* delivered@2x.png in Resources */,
				7B5BA8ED1CC19A4D008B948C /* Icon-40@2x.png in Resources */,
				7B558D771CB695FA007B0776 /* Main.storyboard in Resources */,
				7B5BA8F31CC19A4D008B948C /* Icon-83.5@2x.png in Resources */,
				7B5BA8F21CC19A4D008B948C /* Icon-76@2x.png in Resources */,
				7BDD6F501CDEB5F900DA157B /* notconfirmed@2x.png in Resources */,
				7B5BA8EE1CC19A4D008B948C /* Icon-40@3x.png in Resources */,
				7B5BA8F01CC19A4D008B948C /* Icon-60@3x.png in Resources */,
				7B5BA8F11CC19A4D008B948C /* Icon-76.png in Resources */,
				7BDD6F401CDEA8DB00DA157B /* calback@2x.png in Resources */,
				7B5BA8EC1CC19A4D008B948C /* Icon-40.png in Resources */,
				7BDD6F511CDEB5F900DA157B /* notconfirmed@3x.png in Resources */,
				7BDD6F4F1CDEB5F900DA157B /* delivered@3x.png in Resources */,
				7B5BA8EF1CC19A4D008B948C /* Icon-60@2x.png in Resources */,
				7B5BA8F51CC19A4D008B948C /* Icon-Small@2x.png in Resources */,
				7BDD6F4C1CDEB5F900DA157B /* confirmed@2x.png in Resources */,
				7BDD6F4D1CDEB5F900DA157B /* confirmed@3x.png in Resources */,
				7BDD6F431CDEA8DB00DA157B /* home@3x.png in Resources */,
			);
			runOnlyForDeploymentPostprocessing = 0;
		};
/* End PBXResourcesBuildPhase section */

/* Begin PBXShellScriptBuildPhase section */
		7B3898791CBB19630062ECE1 /* ShellScript */ = {
			isa = PBXShellScriptBuildPhase;
			buildActionMask = 2147483647;
			files = (
			);
			inputPaths = (
			);
			outputPaths = (
			);
			runOnlyForDeploymentPostprocessing = 0;
			shellPath = /bin/sh;
			shellScript = "./Fabric.framework/run 554ee819c527e61b838fa4f10f1acab1e7304b92 87196845778a2b350212654d91c8ffb3a199bbc785862a177d9fbaec1d8c4558";
		};
/* End PBXShellScriptBuildPhase section */

/* Begin PBXSourcesBuildPhase section */
		7B558D651CB695F8007B0776 /* Sources */ = {
			isa = PBXSourcesBuildPhase;
			buildActionMask = 2147483647;
			files = (
				7B5BA8DF1CC12FDA008B948C /* OrdersList.m in Sources */,
				7B558D991CBA85F4007B0776 /* CWAddress.m in Sources */,
				7BDD6F571CDF796900DA157B /* ImageCenterButton.m in Sources */,
				7BDD6F641CDF99A900DA157B /* VCAbout.m in Sources */,
				7B558D8E1CB6DF69007B0776 /* OrderModel.m in Sources */,
				7B558D711CB695FA007B0776 /* AppDelegate.m in Sources */,
				7B558D6E1CB695FA007B0776 /* main.m in Sources */,
				7B558D911CB6F1CE007B0776 /* UIView+SSUIViewCategory.m in Sources */,
				7B558D8B1CB6AAEC007B0776 /* VCEditOrder.m in Sources */,
				7BDD6F371CDE596800DA157B /* VCBase.m in Sources */,
				7BB2689F1CBFA6A20085EEC3 /* OrdersManager.m in Sources */,
				7B558D9C1CBA8852007B0776 /* CWSchedule.m in Sources */,
				7B558D941CB7BC51007B0776 /* ServerHandler.m in Sources */,
			);
			runOnlyForDeploymentPostprocessing = 0;
		};
/* End PBXSourcesBuildPhase section */

/* Begin PBXVariantGroup section */
		7B3898761CBB0CBA0062ECE1 /* Localizable.strings */ = {
			isa = PBXVariantGroup;
			children = (
				7B3898751CBB0CBA0062ECE1 /* en */,
				7B3898771CBB0CCA0062ECE1 /* ru */,
				7B3898781CBB0CD90062ECE1 /* uk */,
			);
			name = Localizable.strings;
			sourceTree = "<group>";
		};
		7B558D751CB695FA007B0776 /* Main.storyboard */ = {
			isa = PBXVariantGroup;
			children = (
				7B558D761CB695FA007B0776 /* Base */,
			);
			name = Main.storyboard;
			sourceTree = "<group>";
		};
		7B558D7A1CB695FA007B0776 /* LaunchScreen.storyboard */ = {
			isa = PBXVariantGroup;
			children = (
				7B558D7B1CB695FA007B0776 /* Base */,
			);
			name = LaunchScreen.storyboard;
			sourceTree = "<group>";
		};
/* End PBXVariantGroup section */

/* Begin XCBuildConfiguration section */
		7B558D7E1CB695FA007B0776 /* Debug */ = {
			isa = XCBuildConfiguration;
			buildSettings = {
				ALWAYS_SEARCH_USER_PATHS = NO;
				CLANG_ANALYZER_NONNULL = YES;
				CLANG_CXX_LANGUAGE_STANDARD = "gnu++0x";
				CLANG_CXX_LIBRARY = "libc++";
				CLANG_ENABLE_MODULES = YES;
				CLANG_ENABLE_OBJC_ARC = YES;
				CLANG_WARN_BOOL_CONVERSION = YES;
				CLANG_WARN_CONSTANT_CONVERSION = YES;
				CLANG_WARN_DIRECT_OBJC_ISA_USAGE = YES_ERROR;
				CLANG_WARN_EMPTY_BODY = YES;
				CLANG_WARN_ENUM_CONVERSION = YES;
				CLANG_WARN_INT_CONVERSION = YES;
				CLANG_WARN_OBJC_ROOT_CLASS = YES_ERROR;
				CLANG_WARN_UNREACHABLE_CODE = YES;
				CLANG_WARN__DUPLICATE_METHOD_MATCH = YES;
				"CODE_SIGN_IDENTITY[sdk=iphoneos*]" = "";
				COPY_PHASE_STRIP = NO;
				DEBUG_INFORMATION_FORMAT = dwarf;
				ENABLE_STRICT_OBJC_MSGSEND = YES;
				ENABLE_TESTABILITY = YES;
				GCC_C_LANGUAGE_STANDARD = gnu99;
				GCC_DYNAMIC_NO_PIC = NO;
				GCC_NO_COMMON_BLOCKS = YES;
				GCC_OPTIMIZATION_LEVEL = 0;
				GCC_PREPROCESSOR_DEFINITIONS = (
					"DEBUG=1",
					"$(inherited)",
				);
				GCC_WARN_64_TO_32_BIT_CONVERSION = YES;
				GCC_WARN_ABOUT_RETURN_TYPE = YES_ERROR;
				GCC_WARN_UNDECLARED_SELECTOR = YES;
				GCC_WARN_UNINITIALIZED_AUTOS = YES_AGGRESSIVE;
				GCC_WARN_UNUSED_FUNCTION = YES;
				GCC_WARN_UNUSED_VARIABLE = YES;
				IPHONEOS_DEPLOYMENT_TARGET = 9.3;
				MTL_ENABLE_DEBUG_INFO = YES;
				ONLY_ACTIVE_ARCH = YES;
				PROVISIONING_PROFILE = "6ac68d53-90ce-4dd0-b495-aa041383e948";
				SDKROOT = iphoneos;
			};
			name = Debug;
		};
		7B558D7F1CB695FA007B0776 /* Release */ = {
			isa = XCBuildConfiguration;
			buildSettings = {
				ALWAYS_SEARCH_USER_PATHS = NO;
				CLANG_ANALYZER_NONNULL = YES;
				CLANG_CXX_LANGUAGE_STANDARD = "gnu++0x";
				CLANG_CXX_LIBRARY = "libc++";
				CLANG_ENABLE_MODULES = YES;
				CLANG_ENABLE_OBJC_ARC = YES;
				CLANG_WARN_BOOL_CONVERSION = YES;
				CLANG_WARN_CONSTANT_CONVERSION = YES;
				CLANG_WARN_DIRECT_OBJC_ISA_USAGE = YES_ERROR;
				CLANG_WARN_EMPTY_BODY = YES;
				CLANG_WARN_ENUM_CONVERSION = YES;
				CLANG_WARN_INT_CONVERSION = YES;
				CLANG_WARN_OBJC_ROOT_CLASS = YES_ERROR;
				CLANG_WARN_UNREACHABLE_CODE = YES;
				CLANG_WARN__DUPLICATE_METHOD_MATCH = YES;
				"CODE_SIGN_IDENTITY[sdk=iphoneos*]" = "";
				COPY_PHASE_STRIP = NO;
				DEBUG_INFORMATION_FORMAT = "dwarf-with-dsym";
				ENABLE_NS_ASSERTIONS = NO;
				ENABLE_STRICT_OBJC_MSGSEND = YES;
				GCC_C_LANGUAGE_STANDARD = gnu99;
				GCC_NO_COMMON_BLOCKS = YES;
				GCC_WARN_64_TO_32_BIT_CONVERSION = YES;
				GCC_WARN_ABOUT_RETURN_TYPE = YES_ERROR;
				GCC_WARN_UNDECLARED_SELECTOR = YES;
				GCC_WARN_UNINITIALIZED_AUTOS = YES_AGGRESSIVE;
				GCC_WARN_UNUSED_FUNCTION = YES;
				GCC_WARN_UNUSED_VARIABLE = YES;
				IPHONEOS_DEPLOYMENT_TARGET = 9.3;
				MTL_ENABLE_DEBUG_INFO = NO;
				PROVISIONING_PROFILE = "6ac68d53-90ce-4dd0-b495-aa041383e948";
				SDKROOT = iphoneos;
				VALIDATE_PRODUCT = YES;
			};
			name = Release;
		};
		7B558D811CB695FA007B0776 /* Debug */ = {
			isa = XCBuildConfiguration;
			buildSettings = {
				ASSETCATALOG_COMPILER_APPICON_NAME = AppIcon;
				"CODE_SIGN_IDENTITY[sdk=iphoneos*]" = "";
				FRAMEWORK_SEARCH_PATHS = (
					"$(inherited)",
					"$(PROJECT_DIR)",
				);
				GCC_PREFIX_HEADER = ClearWater/CWPrefixHeader.pch;
				INFOPLIST_FILE = ClearWater/Info.plist;
				LD_RUNPATH_SEARCH_PATHS = "$(inherited) @executable_path/Frameworks";
				PRODUCT_BUNDLE_IDENTIFIER = com.sapisoft.ClearWater;
				PRODUCT_NAME = "$(TARGET_NAME)";
				PROVISIONING_PROFILE = "c7e7171e-c060-47e3-9e51-744b6aef943b";
				TARGETED_DEVICE_FAMILY = 1;
			};
			name = Debug;
		};
		7B558D821CB695FA007B0776 /* Release */ = {
			isa = XCBuildConfiguration;
			buildSettings = {
				ASSETCATALOG_COMPILER_APPICON_NAME = AppIcon;
				CODE_SIGN_IDENTITY = "";
				FRAMEWORK_SEARCH_PATHS = (
					"$(inherited)",
					"$(PROJECT_DIR)",
				);
				GCC_PREFIX_HEADER = ClearWater/CWPrefixHeader.pch;
				INFOPLIST_FILE = ClearWater/Info.plist;
				LD_RUNPATH_SEARCH_PATHS = "$(inherited) @executable_path/Frameworks";
				PRODUCT_BUNDLE_IDENTIFIER = com.sapisoft.ClearWater;
				PRODUCT_NAME = "$(TARGET_NAME)";
				PROVISIONING_PROFILE = "c7e7171e-c060-47e3-9e51-744b6aef943b";
				TARGETED_DEVICE_FAMILY = 1;
			};
			name = Release;
		};
/* End XCBuildConfiguration section */

/* Begin XCConfigurationList section */
		7B558D641CB695F8007B0776 /* Build configuration list for PBXProject "ClearWater" */ = {
			isa = XCConfigurationList;
			buildConfigurations = (
				7B558D7E1CB695FA007B0776 /* Debug */,
				7B558D7F1CB695FA007B0776 /* Release */,
			);
			defaultConfigurationIsVisible = 0;
			defaultConfigurationName = Release;
		};
		7B558D801CB695FA007B0776 /* Build configuration list for PBXNativeTarget "ClearWater" */ = {
			isa = XCConfigurationList;
			buildConfigurations = (
				7B558D811CB695FA007B0776 /* Debug */,
				7B558D821CB695FA007B0776 /* Release */,
			);
			defaultConfigurationIsVisible = 0;
			defaultConfigurationName = Release;
		};
/* End XCConfigurationList section */
	};
	rootObject = 7B558D611CB695F8007B0776 /* Project object */;
}
