// !$*UTF8*$!
{
	archiveVersion = 1;
	classes = {
	};
	objectVersion = 46;
	objects = {

/* Begin PBXBuildFile section */
		7B558D6E1CB695FA007B0776 /* main.m in Sources */ = {isa = PBXBuildFile; fileRef = 7B558D6D1CB695FA007B0776 /* main.m */; };
		7B558D711CB695FA007B0776 /* AppDelegate.m in Sources */ = {isa = PBXBuildFile; fileRef = 7B558D701CB695FA007B0776 /* AppDelegate.m */; };
		7B558D771CB695FA007B0776 /* Main.storyboard in Resources */ = {isa = PBXBuildFile; fileRef = 7B558D751CB695FA007B0776 /* Main.storyboard */; };
		7B558D791CB695FA007B0776 /* Assets.xcassets in Resources */ = {isa = PBXBuildFile; fileRef = 7B558D781CB695FA007B0776 /* Assets.xcassets */; };
		7B558D7C1CB695FA007B0776 /* LaunchScreen.storyboard in Resources */ = {isa = PBXBuildFile; fileRef = 7B558D7A1CB695FA007B0776 /* LaunchScreen.storyboard */; };
		7B558D8B1CB6AAEC007B0776 /* VCEditOrder.m in Sources */ = {isa = PBXBuildFile; fileRef = 7B558D8A1CB6AAEC007B0776 /* VCEditOrder.m */; };
		7B558D8E1CB6DF69007B0776 /* OrderModel.m in Sources */ = {isa = PBXBuildFile; fileRef = 7B558D8D1CB6DF69007B0776 /* OrderModel.m */; };
		7B558D911CB6F1CE007B0776 /* UIView+SSUIViewCategory.m in Sources */ = {isa = PBXBuildFile; fileRef = 7B558D901CB6F1CE007B0776 /* UIView+SSUIViewCategory.m */; };
		7B558D941CB7BC51007B0776 /* ServerHandler.m in Sources */ = {isa = PBXBuildFile; fileRef = 7B558D931CB7BC51007B0776 /* ServerHandler.m */; };
		7B558D991CBA85F4007B0776 /* CWAddress.m in Sources */ = {isa = PBXBuildFile; fileRef = 7B558D981CBA85F4007B0776 /* CWAddress.m */; };
		7B558D9C1CBA8852007B0776 /* CWSchedule.m in Sources */ = {isa = PBXBuildFile; fileRef = 7B558D9B1CBA8852007B0776 /* CWSchedule.m */; };
/* End PBXBuildFile section */

/* Begin PBXFileReference section */
		7B558D691CB695F9007B0776 /* ClearWater.app */ = {isa = PBXFileReference; explicitFileType = wrapper.application; includeInIndex = 0; path = ClearWater.app; sourceTree = BUILT_PRODUCTS_DIR; };
		7B558D6D1CB695FA007B0776 /* main.m */ = {isa = PBXFileReference; lastKnownFileType = sourcecode.c.objc; path = main.m; sourceTree = "<group>"; };
		7B558D6F1CB695FA007B0776 /* AppDelegate.h */ = {isa = PBXFileReference; lastKnownFileType = sourcecode.c.h; path = AppDelegate.h; sourceTree = "<group>"; };
		7B558D701CB695FA007B0776 /* AppDelegate.m */ = {isa = PBXFileReference; lastKnownFileType = sourcecode.c.objc; path = AppDelegate.m; sourceTree = "<group>"; };
		7B558D761CB695FA007B0776 /* Base */ = {isa = PBXFileReference; lastKnownFileType = file.storyboard; name = Base; path = Base.lproj/Main.storyboard; sourceTree = "<group>"; };
		7B558D781CB695FA007B0776 /* Assets.xcassets */ = {isa = PBXFileReference; lastKnownFileType = folder.assetcatalog; path = Assets.xcassets; sourceTree = "<group>"; };
		7B558D7B1CB695FA007B0776 /* Base */ = {isa = PBXFileReference; lastKnownFileType = file.storyboard; name = Base; path = Base.lproj/LaunchScreen.storyboard; sourceTree = "<group>"; };
		7B558D7D1CB695FA007B0776 /* Info.plist */ = {isa = PBXFileReference; lastKnownFileType = text.plist.xml; path = Info.plist; sourceTree = "<group>"; };
		7B558D891CB6AAEC007B0776 /* VCEditOrder.h */ = {isa = PBXFileReference; fileEncoding = 4; lastKnownFileType = sourcecode.c.h; path = VCEditOrder.h; sourceTree = "<group>"; };
		7B558D8A1CB6AAEC007B0776 /* VCEditOrder.m */ = {isa = PBXFileReference; fileEncoding = 4; lastKnownFileType = sourcecode.c.objc; path = VCEditOrder.m; sourceTree = "<group>"; };
		7B558D8C1CB6DF69007B0776 /* OrderModel.h */ = {isa = PBXFileReference; fileEncoding = 4; lastKnownFileType = sourcecode.c.h; path = OrderModel.h; sourceTree = "<group>"; };
		7B558D8D1CB6DF69007B0776 /* OrderModel.m */ = {isa = PBXFileReference; fileEncoding = 4; lastKnownFileType = sourcecode.c.objc; path = OrderModel.m; sourceTree = "<group>"; };
		7B558D8F1CB6F1CE007B0776 /* UIView+SSUIViewCategory.h */ = {isa = PBXFileReference; fileEncoding = 4; lastKnownFileType = sourcecode.c.h; path = "UIView+SSUIViewCategory.h"; sourceTree = "<group>"; };
		7B558D901CB6F1CE007B0776 /* UIView+SSUIViewCategory.m */ = {isa = PBXFileReference; fileEncoding = 4; lastKnownFileType = sourcecode.c.objc; path = "UIView+SSUIViewCategory.m"; sourceTree = "<group>"; };
		7B558D921CB7BC51007B0776 /* ServerHandler.h */ = {isa = PBXFileReference; fileEncoding = 4; lastKnownFileType = sourcecode.c.h; path = ServerHandler.h; sourceTree = "<group>"; };
		7B558D931CB7BC51007B0776 /* ServerHandler.m */ = {isa = PBXFileReference; fileEncoding = 4; lastKnownFileType = sourcecode.c.objc; path = ServerHandler.m; sourceTree = "<group>"; };
		7B558D951CB7D0AE007B0776 /* CWConstants.h */ = {isa = PBXFileReference; fileEncoding = 4; lastKnownFileType = sourcecode.c.h; path = CWConstants.h; sourceTree = "<group>"; };
		7B558D961CB7D0E4007B0776 /* CWPrefixHeader.pch */ = {isa = PBXFileReference; fileEncoding = 4; lastKnownFileType = sourcecode.c.h; path = CWPrefixHeader.pch; sourceTree = "<group>"; };
		7B558D971CBA85F4007B0776 /* CWAddress.h */ = {isa = PBXFileReference; fileEncoding = 4; lastKnownFileType = sourcecode.c.h; path = CWAddress.h; sourceTree = "<group>"; };
		7B558D981CBA85F4007B0776 /* CWAddress.m */ = {isa = PBXFileReference; fileEncoding = 4; lastKnownFileType = sourcecode.c.objc; path = CWAddress.m; sourceTree = "<group>"; };
		7B558D9A1CBA8852007B0776 /* CWSchedule.h */ = {isa = PBXFileReference; fileEncoding = 4; lastKnownFileType = sourcecode.c.h; path = CWSchedule.h; sourceTree = "<group>"; };
		7B558D9B1CBA8852007B0776 /* CWSchedule.m */ = {isa = PBXFileReference; fileEncoding = 4; lastKnownFileType = sourcecode.c.objc; path = CWSchedule.m; sourceTree = "<group>"; };
/* End PBXFileReference section */

/* Begin PBXFrameworksBuildPhase section */
		7B558D661CB695F8007B0776 /* Frameworks */ = {
			isa = PBXFrameworksBuildPhase;
			buildActionMask = 2147483647;
			files = (
			);
			runOnlyForDeploymentPostprocessing = 0;
		};
/* End PBXFrameworksBuildPhase section */

/* Begin PBXGroup section */
		7B558D601CB695F8007B0776 = {
			isa = PBXGroup;
			children = (
				7B558D6B1CB695F9007B0776 /* ClearWater */,
				7B558D6A1CB695F9007B0776 /* Products */,
			);
			sourceTree = "<group>";
		};
		7B558D6A1CB695F9007B0776 /* Products */ = {
			isa = PBXGroup;
			children = (
				7B558D691CB695F9007B0776 /* ClearWater.app */,
			);
			name = Products;
			sourceTree = "<group>";
		};
		7B558D6B1CB695F9007B0776 /* ClearWater */ = {
			isa = PBXGroup;
			children = (
				7B558D6F1CB695FA007B0776 /* AppDelegate.h */,
				7B558D701CB695FA007B0776 /* AppDelegate.m */,
				7B558D891CB6AAEC007B0776 /* VCEditOrder.h */,
				7B558D8F1CB6F1CE007B0776 /* UIView+SSUIViewCategory.h */,
				7B558D901CB6F1CE007B0776 /* UIView+SSUIViewCategory.m */,
				7B558D8A1CB6AAEC007B0776 /* VCEditOrder.m */,
				7B558D9A1CBA8852007B0776 /* CWSchedule.h */,
				7B558D9B1CBA8852007B0776 /* CWSchedule.m */,
				7B558D751CB695FA007B0776 /* Main.storyboard */,
				7B558D781CB695FA007B0776 /* Assets.xcassets */,
				7B558D7A1CB695FA007B0776 /* LaunchScreen.storyboard */,
				7B558D7D1CB695FA007B0776 /* Info.plist */,
				7B558D6C1CB695F9007B0776 /* Supporting Files */,
				7B558D8C1CB6DF69007B0776 /* OrderModel.h */,
				7B558D8D1CB6DF69007B0776 /* OrderModel.m */,
				7B558D921CB7BC51007B0776 /* ServerHandler.h */,
				7B558D931CB7BC51007B0776 /* ServerHandler.m */,
				7B558D951CB7D0AE007B0776 /* CWConstants.h */,
				7B558D961CB7D0E4007B0776 /* CWPrefixHeader.pch */,
				7B558D971CBA85F4007B0776 /* CWAddress.h */,
				7B558D981CBA85F4007B0776 /* CWAddress.m */,
			);
			path = ClearWater;
			sourceTree = "<group>";
		};
		7B558D6C1CB695F9007B0776 /* Supporting Files */ = {
			isa = PBXGroup;
			children = (
				7B558D6D1CB695FA007B0776 /* main.m */,
			);
			name = "Supporting Files";
			sourceTree = "<group>";
		};
/* End PBXGroup section */

/* Begin PBXNativeTarget section */
		7B558D681CB695F8007B0776 /* ClearWater */ = {
			isa = PBXNativeTarget;
			buildConfigurationList = 7B558D801CB695FA007B0776 /* Build configuration list for PBXNativeTarget "ClearWater" */;
			buildPhases = (
				7B558D651CB695F8007B0776 /* Sources */,
				7B558D661CB695F8007B0776 /* Frameworks */,
				7B558D671CB695F8007B0776 /* Resources */,
			);
			buildRules = (
			);
			dependencies = (
			);
			name = ClearWater;
			productName = ClearWater;
			productReference = 7B558D691CB695F9007B0776 /* ClearWater.app */;
			productType = "com.apple.product-type.application";
		};
/* End PBXNativeTarget section */

/* Begin PBXProject section */
		7B558D611CB695F8007B0776 /* Project object */ = {
			isa = PBXProject;
			attributes = {
				LastUpgradeCheck = 0730;
				ORGANIZATIONNAME = SapiSoft;
				TargetAttributes = {
					7B558D681CB695F8007B0776 = {
						CreatedOnToolsVersion = 7.3;
					};
				};
			};
			buildConfigurationList = 7B558D641CB695F8007B0776 /* Build configuration list for PBXProject "ClearWater" */;
			compatibilityVersion = "Xcode 3.2";
			developmentRegion = English;
			hasScannedForEncodings = 0;
			knownRegions = (
				en,
				Base,
			);
			mainGroup = 7B558D601CB695F8007B0776;
			productRefGroup = 7B558D6A1CB695F9007B0776 /* Products */;
			projectDirPath = "";
			projectRoot = "";
			targets = (
				7B558D681CB695F8007B0776 /* ClearWater */,
			);
		};
/* End PBXProject section */

/* Begin PBXResourcesBuildPhase section */
		7B558D671CB695F8007B0776 /* Resources */ = {
			isa = PBXResourcesBuildPhase;
			buildActionMask = 2147483647;
			files = (
				7B558D7C1CB695FA007B0776 /* LaunchScreen.storyboard in Resources */,
				7B558D791CB695FA007B0776 /* Assets.xcassets in Resources */,
				7B558D771CB695FA007B0776 /* Main.storyboard in Resources */,
			);
			runOnlyForDeploymentPostprocessing = 0;
		};
/* End PBXResourcesBuildPhase section */

/* Begin PBXSourcesBuildPhase section */
		7B558D651CB695F8007B0776 /* Sources */ = {
			isa = PBXSourcesBuildPhase;
			buildActionMask = 2147483647;
			files = (
				7B558D991CBA85F4007B0776 /* CWAddress.m in Sources */,
				7B558D8E1CB6DF69007B0776 /* OrderModel.m in Sources */,
				7B558D711CB695FA007B0776 /* AppDelegate.m in Sources */,
				7B558D6E1CB695FA007B0776 /* main.m in Sources */,
				7B558D911CB6F1CE007B0776 /* UIView+SSUIViewCategory.m in Sources */,
				7B558D8B1CB6AAEC007B0776 /* VCEditOrder.m in Sources */,
				7B558D9C1CBA8852007B0776 /* CWSchedule.m in Sources */,
				7B558D941CB7BC51007B0776 /* ServerHandler.m in Sources */,
			);
			runOnlyForDeploymentPostprocessing = 0;
		};
/* End PBXSourcesBuildPhase section */

/* Begin PBXVariantGroup section */
		7B558D751CB695FA007B0776 /* Main.storyboard */ = {
			isa = PBXVariantGroup;
			children = (
				7B558D761CB695FA007B0776 /* Base */,
			);
			name = Main.storyboard;
			sourceTree = "<group>";
		};
		7B558D7A1CB695FA007B0776 /* LaunchScreen.storyboard */ = {
			isa = PBXVariantGroup;
			children = (
				7B558D7B1CB695FA007B0776 /* Base */,
			);
			name = LaunchScreen.storyboard;
			sourceTree = "<group>";
		};
/* End PBXVariantGroup section */

/* Begin XCBuildConfiguration section */
		7B558D7E1CB695FA007B0776 /* Debug */ = {
			isa = XCBuildConfiguration;
			buildSettings = {
				ALWAYS_SEARCH_USER_PATHS = NO;
				CLANG_ANALYZER_NONNULL = YES;
				CLANG_CXX_LANGUAGE_STANDARD = "gnu++0x";
				CLANG_CXX_LIBRARY = "libc++";
				CLANG_ENABLE_MODULES = YES;
				CLANG_ENABLE_OBJC_ARC = YES;
				CLANG_WARN_BOOL_CONVERSION = YES;
				CLANG_WARN_CONSTANT_CONVERSION = YES;
				CLANG_WARN_DIRECT_OBJC_ISA_USAGE = YES_ERROR;
				CLANG_WARN_EMPTY_BODY = YES;
				CLANG_WARN_ENUM_CONVERSION = YES;
				CLANG_WARN_INT_CONVERSION = YES;
				CLANG_WARN_OBJC_ROOT_CLASS = YES_ERROR;
				CLANG_WARN_UNREACHABLE_CODE = YES;
				CLANG_WARN__DUPLICATE_METHOD_MATCH = YES;
				"CODE_SIGN_IDENTITY[sdk=iphoneos*]" = "iPhone Developer";
				COPY_PHASE_STRIP = NO;
				DEBUG_INFORMATION_FORMAT = dwarf;
				ENABLE_STRICT_OBJC_MSGSEND = YES;
				ENABLE_TESTABILITY = YES;
				GCC_C_LANGUAGE_STANDARD = gnu99;
				GCC_DYNAMIC_NO_PIC = NO;
				GCC_NO_COMMON_BLOCKS = YES;
				GCC_OPTIMIZATION_LEVEL = 0;
				GCC_PREPROCESSOR_DEFINITIONS = (
					"DEBUG=1",
					"$(inherited)",
				);
				GCC_WARN_64_TO_32_BIT_CONVERSION = YES;
				GCC_WARN_ABOUT_RETURN_TYPE = YES_ERROR;
				GCC_WARN_UNDECLARED_SELECTOR = YES;
				GCC_WARN_UNINITIALIZED_AUTOS = YES_AGGRESSIVE;
				GCC_WARN_UNUSED_FUNCTION = YES;
				GCC_WARN_UNUSED_VARIABLE = YES;
				IPHONEOS_DEPLOYMENT_TARGET = 9.3;
				MTL_ENABLE_DEBUG_INFO = YES;
				ONLY_ACTIVE_ARCH = YES;
				SDKROOT = iphoneos;
			};
			name = Debug;
		};
		7B558D7F1CB695FA007B0776 /* Release */ = {
			isa = XCBuildConfiguration;
			buildSettings = {
				ALWAYS_SEARCH_USER_PATHS = NO;
				CLANG_ANALYZER_NONNULL = YES;
				CLANG_CXX_LANGUAGE_STANDARD = "gnu++0x";
				CLANG_CXX_LIBRARY = "libc++";
				CLANG_ENABLE_MODULES = YES;
				CLANG_ENABLE_OBJC_ARC = YES;
				CLANG_WARN_BOOL_CONVERSION = YES;
				CLANG_WARN_CONSTANT_CONVERSION = YES;
				CLANG_WARN_DIRECT_OBJC_ISA_USAGE = YES_ERROR;
				CLANG_WARN_EMPTY_BODY = YES;
				CLANG_WARN_ENUM_CONVERSION = YES;
				CLANG_WARN_INT_CONVERSION = YES;
				CLANG_WARN_OBJC_ROOT_CLASS = YES_ERROR;
				CLANG_WARN_UNREACHABLE_CODE = YES;
				CLANG_WARN__DUPLICATE_METHOD_MATCH = YES;
				"CODE_SIGN_IDENTITY[sdk=iphoneos*]" = "iPhone Developer";
				COPY_PHASE_STRIP = NO;
				DEBUG_INFORMATION_FORMAT = "dwarf-with-dsym";
				ENABLE_NS_ASSERTIONS = NO;
				ENABLE_STRICT_OBJC_MSGSEND = YES;
				GCC_C_LANGUAGE_STANDARD = gnu99;
				GCC_NO_COMMON_BLOCKS = YES;
				GCC_WARN_64_TO_32_BIT_CONVERSION = YES;
				GCC_WARN_ABOUT_RETURN_TYPE = YES_ERROR;
				GCC_WARN_UNDECLARED_SELECTOR = YES;
				GCC_WARN_UNINITIALIZED_AUTOS = YES_AGGRESSIVE;
				GCC_WARN_UNUSED_FUNCTION = YES;
				GCC_WARN_UNUSED_VARIABLE = YES;
				IPHONEOS_DEPLOYMENT_TARGET = 9.3;
				MTL_ENABLE_DEBUG_INFO = NO;
				SDKROOT = iphoneos;
				VALIDATE_PRODUCT = YES;
			};
			name = Release;
		};
		7B558D811CB695FA007B0776 /* Debug */ = {
			isa = XCBuildConfiguration;
			buildSettings = {
				ASSETCATALOG_COMPILER_APPICON_NAME = AppIcon;
				GCC_PREFIX_HEADER = ClearWater/CWPrefixHeader.pch;
				INFOPLIST_FILE = ClearWater/Info.plist;
				LD_RUNPATH_SEARCH_PATHS = "$(inherited) @executable_path/Frameworks";
				PRODUCT_BUNDLE_IDENTIFIER = com.sapisoft.ClearWater;
				PRODUCT_NAME = "$(TARGET_NAME)";
			};
			name = Debug;
		};
		7B558D821CB695FA007B0776 /* Release */ = {
			isa = XCBuildConfiguration;
			buildSettings = {
				ASSETCATALOG_COMPILER_APPICON_NAME = AppIcon;
				GCC_PREFIX_HEADER = ClearWater/CWPrefixHeader.pch;
				INFOPLIST_FILE = ClearWater/Info.plist;
				LD_RUNPATH_SEARCH_PATHS = "$(inherited) @executable_path/Frameworks";
				PRODUCT_BUNDLE_IDENTIFIER = com.sapisoft.ClearWater;
				PRODUCT_NAME = "$(TARGET_NAME)";
			};
			name = Release;
		};
/* End XCBuildConfiguration section */

/* Begin XCConfigurationList section */
		7B558D641CB695F8007B0776 /* Build configuration list for PBXProject "ClearWater" */ = {
			isa = XCConfigurationList;
			buildConfigurations = (
				7B558D7E1CB695FA007B0776 /* Debug */,
				7B558D7F1CB695FA007B0776 /* Release */,
			);
			defaultConfigurationIsVisible = 0;
			defaultConfigurationName = Release;
		};
		7B558D801CB695FA007B0776 /* Build configuration list for PBXNativeTarget "ClearWater" */ = {
			isa = XCConfigurationList;
			buildConfigurations = (
				7B558D811CB695FA007B0776 /* Debug */,
				7B558D821CB695FA007B0776 /* Release */,
			);
			defaultConfigurationIsVisible = 0;
			defaultConfigurationName = Release;
		};
/* End XCConfigurationList section */
	};
	rootObject = 7B558D611CB695F8007B0776 /* Project object */;
}
